
Microsoft Visual Studio Solution File, Format Version 12.00
# Visual Studio 15
VisualStudioVersion = 15.0.27703.2026
MinimumVisualStudioVersion = 10.0.40219.1
Project("{FAE04EC0-301F-11D3-BF4B-00C04F79EFBC}") = "rubikSolverCsharpNew", "rubikSolverCsharpNew\rubikSolverCsharpNew.csproj", "{64758D75-1AF4-4242-8CF3-CF450718C707}"
EndProject
Project("{FAE04EC0-301F-11D3-BF4B-00C04F79EFBC}") = "rubikTests", "rubikTests\rubikTests.csproj", "{1E30B9C7-2856-4765-95CD-FF0F80684E7A}"
EndProject
Global
	GlobalSection(SolutionConfigurationPlatforms) = preSolution
		Debug|Any CPU = Debug|Any CPU
		Release|Any CPU = Release|Any CPU
	EndGlobalSection
	GlobalSection(ProjectConfigurationPlatforms) = postSolution
		{64758D75-1AF4-4242-8CF3-CF450718C707}.Debug|Any CPU.ActiveCfg = Debug|Any CPU
		{64758D75-1AF4-4242-8CF3-CF450718C707}.Debug|Any CPU.Build.0 = Debug|Any CPU
		{64758D75-1AF4-4242-8CF3-CF450718C707}.Release|Any CPU.ActiveCfg = Release|Any CPU
		{64758D75-1AF4-4242-8CF3-CF450718C707}.Release|Any CPU.Build.0 = Release|Any CPU
		{1E30B9C7-2856-4765-95CD-FF0F80684E7A}.Debug|Any CPU.ActiveCfg = Debug|Any CPU
		{1E30B9C7-2856-4765-95CD-FF0F80684E7A}.Debug|Any CPU.Build.0 = Debug|Any CPU
		{1E30B9C7-2856-4765-95CD-FF0F80684E7A}.Release|Any CPU.ActiveCfg = Release|Any CPU
		{1E30B9C7-2856-4765-95CD-FF0F80684E7A}.Release|Any CPU.Build.0 = Release|Any CPU
	EndGlobalSection
	GlobalSection(SolutionProperties) = preSolution
		HideSolutionNode = FALSE
	EndGlobalSection
	GlobalSection(ExtensibilityGlobals) = postSolution
		SolutionGuid = {5DE2D62D-7E14-45C9-B38D-2F5ED56C2EAB}
	EndGlobalSection
EndGlobal
